{
  "name": "Ram's Home Care",
  "lockfileVersion": 3,
  "requires": true,
  "packages": {
    "": {
      "dependencies": {
        "@supabase/auth-helpers-nextjs": "^0.15.0",
        "@supabase/ssr": "^0.12.0",
        "@supabase/supabase-js": "^2.110.2",
        "framer-motion": "^12.42.2",
        "lucide-react": "^1.24.0",
        "react-countup": "^6.5.3",
        "swiper": "^14.0.5"
      }
    },
    "node_modules/@supabase/auth-helpers-nextjs": {
      "version": "0.15.0",
      "resolved": "https://registry.npmjs.org/@supabase/auth-helpers-nextjs/-/auth-helpers-nextjs-0.15.0.tgz",
      "integrity": "sha512-VtXz3GGnxluoxks1g3SaCoYr2OZ7PgRukDl+pLWrDfD2dPDaG8hmkp5iBZsU+lmsDYALGNO2dgbymgpAfD8eCQ==",
      "deprecated": "Package no longer supported. Contact Support at https://www.npmjs.com/support for more info.",
      "license": "MIT",
      "dependencies": {
        "cookie": "^1.0.2"
      },
      "peerDependencies": {
        "@supabase/supabase-js": "^2.76.1"
      }
    },
    "node_modules/@supabase/auth-js": {
      "version": "2.110.2",
      "resolved": "https://registry.npmjs.org/@supabase/auth-js/-/auth-js-2.110.2.tgz",
      "integrity": "sha512-Qj7a6EDP+AMMQFWqGv+qFa8r6re//dk+qQI5bA0KK+PZmnI3JPu97TDeNt6SMiQ2FkklP79hP2yDFYSnA989OA==",
      "license": "MIT",
      "dependencies": {
        "tslib": "2.8.1"
      },
      "engines": {
        "node": ">=22.0.0"
      }
    },
    "node_modules/@supabase/functions-js": {
      "version": "2.110.2",
      "resolved": "https://registry.npmjs.org/@supabase/functions-js/-/functions-js-2.110.2.tgz",
      "integrity": "sha512-ZjjqrXpxM9/rE+eAtZxiK45EWy9EBoJQ322Q5Y75LccYQNh212neHTgXP/o4MIzmH0LNXT8UzvTZtQOfOzyoeQ==",
      "license": "MIT",
      "dependencies": {
        "tslib": "2.8.1"
      },
      "engines": {
        "node": ">=22.0.0"
      }
    },
    "node_modules/@supabase/phoenix": {
      "version": "0.4.4",
      "resolved": "https://registry.npmjs.org/@supabase/phoenix/-/phoenix-0.4.4.tgz",
      "integrity": "sha512-Gt0pqoXuIqX/8dvG0OKp/wMCobXNH3klNbUPBNyOfN0YA1IswrM3HyWFMOPk1Jy+BRaIyDPcFx4jLBwHNmlyfQ==",
      "license": "MIT"
    },
    "node_modules/@supabase/postgrest-js": {
      "version": "2.110.2",
      "resolved": "https://registry.npmjs.org/@supabase/postgrest-js/-/postgrest-js-2.110.2.tgz",
      "integrity": "sha512-++LBmcIMwCtgO4tISQUmo9+2xkRwHQqS8ZKMCnhXLe9P8k8YQRXuMoh/RiSzQSoev8gqet0W7yOboW0cUxnt0Q==",
      "license": "MIT",
      "dependencies": {
        "tslib": "2.8.1"
      },
      "engines": {
        "node": ">=22.0.0"
      }
    },
    "node_modules/@supabase/realtime-js": {
      "version": "2.110.2",
      "resolved": "https://registry.npmjs.org/@supabase/realtime-js/-/realtime-js-2.110.2.tgz",
      "integrity": "sha512-z3jTOTPgyn6E3r6dVOOQ10He4yAMB2czjFw7xVdX3s16MHElna5rY1gVaePs0NIo6xvtMYbtmOXlFaFt/ePLpg==",
      "license": "MIT",
      "dependencies": {
        "@supabase/phoenix": "0.4.4",
        "tslib": "2.8.1"
      },
      "engines": {
        "node": ">=22.0.0"
      }
    },
    "node_modules/@supabase/ssr": {
      "version": "0.12.0",
      "resolved": "https://registry.npmjs.org/@supabase/ssr/-/ssr-0.12.0.tgz",
      "integrity": "sha512-d9XV5XzJvzzZbeAIM7fWTCUYxQJZ2Ru6ny3dJHmHGp/LIrJ+o9FpD7N9Rf/UhhWEvHXSoDe8SI32Z2ouOdMjBg==",
      "license": "MIT",
      "dependencies": {
        "cookie": "^1.0.2"
      },
      "peerDependencies": {
        "@supabase/supabase-js": "^2.108.0"
      }
    },
    "node_modules/@supabase/storage-js": {
      "version": "2.110.2",
      "resolved": "https://registry.npmjs.org/@supabase/storage-js/-/storage-js-2.110.2.tgz",
      "integrity": "sha512-EhsRSwSnmQefKJsAxoRUZ0hvHr92ECM8DDGAKR5z0HdoJx4heI60PjHUTruVNZxKX6XeobLGDyLud020Bw1iwg==",
      "license": "MIT",
      "dependencies": {
        "iceberg-js": "^0.8.1",
        "tslib": "2.8.1"
      },
      "engines": {
        "node": ">=22.0.0"
      }
    },
    "node_modules/@supabase/supabase-js": {
      "version": "2.110.2",
      "resolved": "https://registry.npmjs.org/@supabase/supabase-js/-/supabase-js-2.110.2.tgz",
      "integrity": "sha512-r9q9w4ZQ6mOjh36aqUNFSisBF611vzpO8JphBESr2Q1SWvmGFQeI7Jq7Y+PaNMZ6Zszz+S2yTlJStCpnaMSnQg==",
      "license": "MIT",
      "dependencies": {
        "@supabase/auth-js": "2.110.2",
        "@supabase/functions-js": "2.110.2",
        "@supabase/postgrest-js": "2.110.2",
        "@supabase/realtime-js": "2.110.2",
        "@supabase/storage-js": "2.110.2"
      },
      "engines": {
        "node": ">=22.0.0"
      }
    },
    "node_modules/cookie": {
      "version": "1.1.1",
      "resolved": "https://registry.npmjs.org/cookie/-/cookie-1.1.1.tgz",
      "integrity": "sha512-ei8Aos7ja0weRpFzJnEA9UHJ/7XQmqglbRwnf2ATjcB9Wq874VKH9kfjjirM6UhU2/E5fFYadylyhFldcqSidQ==",
      "license": "MIT",
      "engines": {
        "node": ">=18"
      },
      "funding": {
        "type": "opencollective",
        "url": "https://opencollective.com/express"
      }
    },
    "node_modules/countup.js": {
      "version": "2.10.1",
      "resolved": "https://registry.npmjs.org/countup.js/-/countup.js-2.10.1.tgz",
      "integrity": "sha512-UHW/BsPDgVZfN919D4iu2HPv+jJxZUuaR3EhT0ScFZaD446GiQtkMTgOnOyJXdA2AewdlyUk9UvERlTHTbVpcw==",
      "license": "MIT"
    },
    "node_modules/framer-motion": {
      "version": "12.42.2",
      "resolved": "https://registry.npmjs.org/framer-motion/-/framer-motion-12.42.2.tgz",
      "integrity": "sha512-5XY9luDiu0oHfHBjpDthFMh0ES+122w6p/papSJBweMkO8Sn+PW2QaEgRblQBpWFnuvZS5qvarpt/hO2pjGmnw==",
      "license": "MIT",
      "dependencies": {
        "motion-dom": "^12.42.2",
        "motion-utils": "^12.39.0",
        "tslib": "^2.4.0"
      },
      "peerDependencies": {
        "@emotion/is-prop-valid": "*",
        "react": "^18.0.0 || ^19.0.0",
        "react-dom": "^18.0.0 || ^19.0.0"
      },
      "peerDependenciesMeta": {
        "@emotion/is-prop-valid": {
          "optional": true
        },
        "react": {
          "optional": true
        },
        "react-dom": {
          "optional": true
        }
      }
    },
    "node_modules/iceberg-js": {
      "version": "0.8.1",
      "resolved": "https://registry.npmjs.org/iceberg-js/-/iceberg-js-0.8.1.tgz",
      "integrity": "sha512-1dhVQZXhcHje7798IVM+xoo/1ZdVfzOMIc8/rgVSijRK38EDqOJoGula9N/8ZI5RD8QTxNQtK/Gozpr+qUqRRA==",
      "license": "MIT",
      "engines": {
        "node": ">=20.0.0"
      }
    },
    "node_modules/lucide-react": {
      "version": "1.24.0",
      "resolved": "https://registry.npmjs.org/lucide-react/-/lucide-react-1.24.0.tgz",
      "integrity": "sha512-YT6mBD8lGKkg4nM39enlm94/sfJIiW0YKUT60fBy4YK8tai31ylg1VhGNWxkpSKHo9UagfnZqwIff3HTDQwXeA==",
      "license": "ISC",
      "peerDependencies": {
        "react": "^16.5.1 || ^17.0.0 || ^18.0.0 || ^19.0.0"
      }
    },
    "node_modules/motion-dom": {
      "version": "12.42.2",
      "resolved": "https://registry.npmjs.org/motion-dom/-/motion-dom-12.42.2.tgz",
      "integrity": "sha512-5gIMWLp/PycBtJRJWRgjxke5n8dlvkSn2DrYW+tr3XcqAZY1xZh6BJyooJXCM8wdfM7wfMjkBJNLge1CKPUIRA==",
      "license": "MIT",
      "dependencies": {
        "motion-utils": "^12.39.0"
      }
    },
    "node_modules/motion-utils": {
      "version": "12.39.0",
      "resolved": "https://registry.npmjs.org/motion-utils/-/motion-utils-12.39.0.tgz",
      "integrity": "sha512-8nadJAJjTtqRkmRF36FoJTrywK9nnFmnPwnSMyxaOCU7GDjN9RTMJIxx9De8ErM+vpPhMccr/6fo5WciyQLnMQ==",
      "license": "MIT"
    },
    "node_modules/react": {
      "version": "19.2.7",
      "resolved": "https://registry.npmjs.org/react/-/react-19.2.7.tgz",
      "integrity": "sha512-HNe9WslTbXmFK8o8cmwgAeJFSBvt1bPdHCVKtaaV+WlAN36mpT4hcRpwbf3fY56ar2oIXzsBpOAiIRHAdY0OlQ==",
      "license": "MIT",
      "peer": true,
      "engines": {
        "node": ">=0.10.0"
      }
    },
    "node_modules/react-countup": {
      "version": "6.5.3",
      "resolved": "https://registry.npmjs.org/react-countup/-/react-countup-6.5.3.tgz",
      "integrity": "sha512-udnqVQitxC7QWADSPDOxVWULkLvKUWrDapn5i53HE4DPRVgs+Y5rr4bo25qEl8jSh+0l2cToJgGMx+clxPM3+w==",
      "license": "MIT",
      "dependencies": {
        "countup.js": "^2.8.0"
      },
      "peerDependencies": {
        "react": ">= 16.3.0"
      }
    },
    "node_modules/swiper": {
      "version": "14.0.5",
      "resolved": "https://registry.npmjs.org/swiper/-/swiper-14.0.5.tgz",
      "integrity": "sha512-SMSKS0sj+lPIFzngfIKb5cyBtzmAuJw7rXgXdyYiDReb+pSpJXuNljHYgT4DXa5Stnl2Ew2/Lam5ipv4PIqZ7A==",
      "funding": [
        {
          "type": "custom",
          "url": "https://sponsors.nolimits4web.com"
        },
        {
          "type": "github",
          "url": "https://github.com/sponsors/nolimits4web"
        }
      ],
      "license": "MIT",
      "engines": {
        "node": ">= 4.7.0"
      }
    },
    "node_modules/tslib": {
      "version": "2.8.1",
      "resolved": "https://registry.npmjs.org/tslib/-/tslib-2.8.1.tgz",
      "integrity": "sha512-oJFu94HQb+KVduSUQL7wnpmqnfmLsOA/nAh6b6EH0wCEoK0/mPeXU6c3wKDV83MkOuHPRHtSXKKU99IBazS/2w==",
      "license": "0BSD"
    }
  }
}
